
Microsoft Visual Studio Solution File, Format Version 12.00
# Visual Studio Version 17
VisualStudioVersion = 17.7.34018.315
MinimumVisualStudioVersion = 10.0.40219.1
Project("{FAE04EC0-301F-11D3-BF4B-00C04F79EFBC}") = "ApiMoneda", "ApiMoneda.csproj", "{835B04AB-4285-4572-A1CF-30748CE0624C}"
EndProject
Global
	GlobalSection(SolutionConfigurationPlatforms) = preSolution
		Debug|Any CPU = Debug|Any CPU
		Release|Any CPU = Release|Any CPU
	EndGlobalSection
	GlobalSection(ProjectConfigurationPlatforms) = postSolution
		{835B04AB-4285-4572-A1CF-30748CE0624C}.Debug|Any CPU.ActiveCfg = Debug|Any CPU
		{835B04AB-4285-4572-A1CF-30748CE0624C}.Debug|Any CPU.Build.0 = Debug|Any CPU
		{835B04AB-4285-4572-A1CF-30748CE0624C}.Release|Any CPU.ActiveCfg = Release|Any CPU
		{835B04AB-4285-4572-A1CF-30748CE0624C}.Release|Any CPU.Build.0 = Release|Any CPU
	EndGlobalSection
	GlobalSection(SolutionProperties) = preSolution
		HideSolutionNode = FALSE
	EndGlobalSection
	GlobalSection(ExtensibilityGlobals) = postSolution
		SolutionGuid = {50A9C16F-5822-492E-BE5F-D47C652D9542}
	EndGlobalSection
EndGlobal
